
Microsoft Visual Studio Solution File, Format Version 12.00
# Visual Studio 15
VisualStudioVersion = 15.0.27703.2047
MinimumVisualStudioVersion = 10.0.40219.1
Project("{FAE04EC0-301F-11D3-BF4B-00C04F79EFBC}") = "Angular .NET Core RESTfulAPI1", "Angular .NET Core RESTfulAPI1\Angular .NET Core RESTfulAPI1.csproj", "{A0087386-3C4D-4BDB-98B0-429774B71FAC}"
EndProject
Global
	GlobalSection(SolutionConfigurationPlatforms) = preSolution
		Debug|Any CPU = Debug|Any CPU
		Release|Any CPU = Release|Any CPU
	EndGlobalSection
	GlobalSection(ProjectConfigurationPlatforms) = postSolution
		{A0087386-3C4D-4BDB-98B0-429774B71FAC}.Debug|Any CPU.ActiveCfg = Debug|Any CPU
		{A0087386-3C4D-4BDB-98B0-429774B71FAC}.Debug|Any CPU.Build.0 = Debug|Any CPU
		{A0087386-3C4D-4BDB-98B0-429774B71FAC}.Release|Any CPU.ActiveCfg = Release|Any CPU
		{A0087386-3C4D-4BDB-98B0-429774B71FAC}.Release|Any CPU.Build.0 = Release|Any CPU
	EndGlobalSection
	GlobalSection(SolutionProperties) = preSolution
		HideSolutionNode = FALSE
	EndGlobalSection
	GlobalSection(ExtensibilityGlobals) = postSolution
		SolutionGuid = {C5BCE34D-F0CA-4877-921A-4CC635F65E64}
	EndGlobalSection
EndGlobal
